# THIS IS AN AUTOGENERATED FILE. DO NOT EDIT THIS FILE DIRECTLY.
# yarn lockfile v1


"@grammyjs/auto-retry@^1.0.1":
  version "1.0.1"
  resolved "https://registry.yarnpkg.com/@grammyjs/auto-retry/-/auto-retry-1.0.1.tgz#c8524f0828213c8074488bfdb35e4283dab70cd6"
  integrity sha512-5ctdw6E4/aPWJ3/OTkyjb4QgluGqXdDRs5Uu93GNzLcohWW0xYGL6ohMOUqMS6VDSqCdOsrooe/WFZqKDXUpzA==

"@grammyjs/types@^2.3.1":
  version "2.3.1"
  resolved "https://registry.yarnpkg.com/@grammyjs/types/-/types-2.3.1.tgz#49c1cae92945f6d5c626acaff495c21dd46eb5ea"
  integrity sha512-dssC2bf2WgwVAf6UOhv54cPDisnhQRGtk94I7l6JPSfD44IB1rzFEm+CrS2omVbNWU9SZkID0E8C83WEwD0cew==

"@types/js-yaml@^4.0.5":
  version "4.0.5"
  resolved "https://registry.yarnpkg.com/@types/js-yaml/-/js-yaml-4.0.5.tgz#738dd390a6ecc5442f35e7f03fa1431353f7e138"
  integrity sha512-FhpRzf927MNQdRZP0J5DLIdTXhjLYzeUTmLAu69mnVksLH9CJY3IuSeEgbKUki7GQZm0WqDkGzyxju2EZGD2wA==

"@types/mustache@^4.1.2":
  version "4.1.2"
  resolved "https://registry.yarnpkg.com/@types/mustache/-/mustache-4.1.2.tgz#d0e158013c81674a5b6d8780bc3fe234e1804eaf"
  integrity sha512-c4OVMMcyodKQ9dpwBwh3ofK9P6U9ZktKU9S+p33UqwMNN1vlv2P0zJZUScTshnx7OEoIIRcCFNQ904sYxZz8kg==

"@types/node@^14.17.1":
  version "14.17.1"
  resolved "https://registry.yarnpkg.com/@types/node/-/node-14.17.1.tgz#5e07e0cb2ff793aa7a1b41deae76221e6166049f"
  integrity sha512-/tpUyFD7meeooTRwl3sYlihx2BrJE7q9XF71EguPFIySj9B7qgnRtHsHTho+0AUm4m1SvWGm6uSncrR94q6Vtw==

abort-controller@^3.0.0:
  version "3.0.0"
  resolved "https://registry.yarnpkg.com/abort-controller/-/abort-controller-3.0.0.tgz#eaf54d53b62bae4138e809ca225c8439a6efb392"
  integrity sha512-h8lQ8tacZYnR3vNQTgibj+tODHI5/+l06Au2Pcriv/Gmet0eaj4TwWH41sO9wnHDiQsEj19q0drzdWdeAHtweg==
  dependencies:
    event-target-shim "^5.0.0"

add@^2.0.6:
  version "2.0.6"
  resolved "https://registry.yarnpkg.com/add/-/add-2.0.6.tgz#248f0a9f6e5a528ef2295dbeec30532130ae2235"
  integrity sha1-JI8Kn25aUo7yKV2+7DBTITCuIjU=

ansi-styles@^3.2.1:
  version "3.2.1"
  resolved "https://registry.yarnpkg.com/ansi-styles/-/ansi-styles-3.2.1.tgz#41fbb20243e50b12be0f04b8dedbf07520ce841d"
  integrity sha512-VT0ZI6kZRdTh8YyJw3SMbYm/u+NqfsAxEpWO0Pf9sq8/e94WxxOpPKx9FR1FlyCtOVDNOQ+8ntlqFxiRc+r5qA==
  dependencies:
    color-convert "^1.9.0"

argparse@^2.0.1:
  version "2.0.1"
  resolved "https://registry.yarnpkg.com/argparse/-/argparse-2.0.1.tgz#246f50f3ca78a3240f6c997e8a9bd1eac49e4b38"
  integrity sha512-8+9WqebbFzpX9OR+Wa6O29asIogeRMzcGtAINdpMHHyAg10f05aSFVBbcEqGf/PXw1EjAZ+q2/bEBg3DvurK3Q==

args@^5.0.1:
  version "5.0.1"
  resolved "https://registry.yarnpkg.com/args/-/args-5.0.1.tgz#4bf298df90a4799a09521362c579278cc2fdd761"
  integrity sha512-1kqmFCFsPffavQFGt8OxJdIcETti99kySRUPMpOhaGjL6mRJn8HFU1OxKY5bMqfZKUwTQc1mZkAjmGYaVOHFtQ==
  dependencies:
    camelcase "5.0.0"
    chalk "2.4.2"
    leven "2.1.0"
    mri "1.1.4"

atomic-sleep@^1.0.0:
  version "1.0.0"
  resolved "https://registry.yarnpkg.com/atomic-sleep/-/atomic-sleep-1.0.0.tgz#eb85b77a601fc932cfe432c5acd364a9e2c9075b"
  integrity sha512-kNOjDqAh7px0XWNI+4QbzoiR/nTkHAWNud2uvnJquD1/x5a7EQZMJT0AczqK0Qn67oY/TTQ1LbUKajZpp3I9tQ==

camelcase@5.0.0:
  version "5.0.0"
  resolved "https://registry.yarnpkg.com/camelcase/-/camelcase-5.0.0.tgz#03295527d58bd3cd4aa75363f35b2e8d97be2f42"
  integrity sha512-faqwZqnWxbxn+F1d399ygeamQNy3lPp/H9H6rNrqYh4FSVCtcY+3cub1MxA8o9mDd55mM8Aghuu/kuyYA6VTsA==

chalk@2.4.2:
  version "2.4.2"
  resolved "https://registry.yarnpkg.com/chalk/-/chalk-2.4.2.tgz#cd42541677a54333cf541a49108c1432b44c9424"
  integrity sha512-Mti+f9lpJNcwF4tWV8/OrTTtF1gZi+f8FqlyAdouralcFWFQWF2+NgCHShjkCb+IFBLq9buZwE1xckQU4peSuQ==
  dependencies:
    ansi-styles "^3.2.1"
    escape-string-regexp "^1.0.5"
    supports-color "^5.3.0"

color-convert@^1.9.0:
  version "1.9.3"
  resolved "https://registry.yarnpkg.com/color-convert/-/color-convert-1.9.3.tgz#bb71850690e1f136567de629d2d5471deda4c1e8"
  integrity sha512-QfAUtd+vFdAtFQcC8CCyYt1fYWxSqAiK2cSD6zDB8N3cpsEBAvRxp9zOGg6G/SHHJYAT88/az/IuDGALsNVbGg==
  dependencies:
    color-name "1.1.3"

color-name@1.1.3:
  version "1.1.3"
  resolved "https://registry.yarnpkg.com/color-name/-/color-name-1.1.3.tgz#a7d0558bd89c42f795dd42328f740831ca53bc25"
  integrity sha1-p9BVi9icQveV3UIyj3QIMcpTvCU=

colorette@^2.0.7:
  version "2.0.16"
  resolved "https://registry.yarnpkg.com/colorette/-/colorette-2.0.16.tgz#713b9af84fdb000139f04546bd4a93f62a5085da"
  integrity sha512-hUewv7oMjCp+wkBv5Rm0v87eJhq4woh5rSR+42YSQJKecCqgIqNkZ6lAlQms/BwHPJA5NKMRlpxPRv0n8HQW6g==

dateformat@^4.6.3:
  version "4.6.3"
  resolved "https://registry.yarnpkg.com/dateformat/-/dateformat-4.6.3.tgz#556fa6497e5217fedb78821424f8a1c22fa3f4b5"
  integrity sha512-2P0p0pFGzHS5EMnhdxQi7aJN+iMheud0UhG4dlE1DLAlvL8JHjJJTX/CSm4JXwV0Ka5nGk3zC5mcb5bUQUxxMA==

debug@^4.3.2:
  version "4.3.2"
  resolved "https://registry.yarnpkg.com/debug/-/debug-4.3.2.tgz#f0a49c18ac8779e31d4a0c6029dfb76873c7428b"
  integrity sha512-mOp8wKcvj7XxC78zLgw/ZA+6TSgkoE2C/ienthhRD298T7UNwAg9diBpLRxC0mOezLl4B0xV7M0cCO6P/O0Xhw==
  dependencies:
    ms "2.1.2"

dotenv@^10.0.0:
  version "10.0.0"
  resolved "https://registry.yarnpkg.com/dotenv/-/dotenv-10.0.0.tgz#3d4227b8fb95f81096cdd2b66653fb2c7085ba81"
  integrity sha512-rlBi9d8jpv9Sf1klPjNfFAuWDjKLwTIJJ/VxtoTwIR6hnZxcEOQCZg2oIL3MWBYw5GpUDKOEnND7LXTbIpQ03Q==

duplexify@^4.1.2:
  version "4.1.2"
  resolved "https://registry.yarnpkg.com/duplexify/-/duplexify-4.1.2.tgz#18b4f8d28289132fa0b9573c898d9f903f81c7b0"
  integrity sha512-fz3OjcNCHmRP12MJoZMPglx8m4rrFP8rovnk4vT8Fs+aonZoCwGg10dSsQsfP/E62eZcPTMSMP6686fu9Qlqtw==
  dependencies:
    end-of-stream "^1.4.1"
    inherits "^2.0.3"
    readable-stream "^3.1.1"
    stream-shift "^1.0.0"

end-of-stream@^1.1.0, end-of-stream@^1.4.1:
  version "1.4.4"
  resolved "https://registry.yarnpkg.com/end-of-stream/-/end-of-stream-1.4.4.tgz#5ae64a5f45057baf3626ec14da0ca5e4b2431eb0"
  integrity sha512-+uw1inIHVPQoaVuHzRyXd21icM+cnt4CzD5rW+NC1wjOUSTOs+Te7FOv7AhN7vS9x/oIyhLP5PR1H+phQAHu5Q==
  dependencies:
    once "^1.4.0"

escape-string-regexp@^1.0.5:
  version "1.0.5"
  resolved "https://registry.yarnpkg.com/escape-string-regexp/-/escape-string-regexp-1.0.5.tgz#1b61c0562190a8dff6ae3bb2cf0200ca130b86d4"
  integrity sha1-G2HAViGQqN/2rjuyzwIAyhMLhtQ=

event-target-shim@^5.0.0:
  version "5.0.1"
  resolved "https://registry.yarnpkg.com/event-target-shim/-/event-target-shim-5.0.1.tgz#5d4d3ebdf9583d63a5333ce2deb7480ab2b05789"
  integrity sha512-i/2XbnSz/uxRCU6+NdVJgKWDTM427+MqYbkQzD321DuCQJUqOuJKIA0IM2+W2xtYHdKOmZ4dR6fExsd4SXL+WQ==

fast-redact@^3.0.0:
  version "3.0.2"
  resolved "https://registry.yarnpkg.com/fast-redact/-/fast-redact-3.0.2.tgz#c940ba7162dde3aeeefc522926ae8c5231412904"
  integrity sha512-YN+CYfCVRVMUZOUPeinHNKgytM1wPI/C/UCLEi56EsY2dwwvI00kIJHJoI7pMVqGoMew8SMZ2SSfHKHULHXDsg==

fast-safe-stringify@^2.0.7:
  version "2.1.1"
  resolved "https://registry.yarnpkg.com/fast-safe-stringify/-/fast-safe-stringify-2.1.1.tgz#c406a83b6e70d9e35ce3b30a81141df30aeba884"
  integrity sha512-W+KJc2dmILlPplD/H4K9l9LcAHAfPtP6BY84uVLXQ6Evcz9Lcg33Y2z1IVblT6xdY54PXYVHEv+0Wpq8Io6zkA==

fastify-warning@^0.2.0:
  version "0.2.0"
  resolved "https://registry.yarnpkg.com/fastify-warning/-/fastify-warning-0.2.0.tgz#e717776026a4493dc9a2befa44db6d17f618008f"
  integrity sha512-s1EQguBw/9qtc1p/WTY4eq9WMRIACkj+HTcOIK1in4MV5aFaQC9ZCIt0dJ7pr5bIf4lPpHvAtP2ywpTNgs7hqw==

get-caller-file@^2.0.5:
  version "2.0.5"
  resolved "https://registry.yarnpkg.com/get-caller-file/-/get-caller-file-2.0.5.tgz#4f94412a82db32f36e3b0b9741f8a97feb031f7e"
  integrity sha512-DyFP3BM/3YHTQOCUL/w0OZHR0lpKeGrxotcHWcqNEdnltqFwXVfhEBQ94eIo34AfQpo0rGki4cyIiftY06h2Fg==

grammy@^1.4.2:
  version "1.4.2"
  resolved "https://registry.yarnpkg.com/grammy/-/grammy-1.4.2.tgz#c7f3e2f9a37cdd13ee7f773a9b188c58ea120899"
  integrity sha512-jodN7lUIgi31N3sIcfbbr8XZEs7Ajj/ZNpqwNkmZ1/U0ZYr/a/eg0KVVUU2Fotw1lBFXWlnucd/G81pR6IHSsw==
  dependencies:
    "@grammyjs/types" "^2.3.1"
    abort-controller "^3.0.0"
    debug "^4.3.2"
    node-fetch "^2.6.5"

has-flag@^3.0.0:
  version "3.0.0"
  resolved "https://registry.yarnpkg.com/has-flag/-/has-flag-3.0.0.tgz#b5d454dc2199ae225699f3467e5a07f3b955bafd"
  integrity sha1-tdRU3CGZriJWmfNGfloH87lVuv0=

inherits@^2.0.3:
  version "2.0.4"
  resolved "https://registry.yarnpkg.com/inherits/-/inherits-2.0.4.tgz#0fa2c64f932917c3433a0ded55363aae37416b7c"
  integrity sha512-k/vGaX4/Yla3WzyMCvTQOXYeIHvqOKtnqBduzTHpzpQZzAskKMhZ2K+EnBiSM9zGSoIFeMpXKxa4dYeZIQqewQ==

joycon@^3.0.0:
  version "3.0.1"
  resolved "https://registry.yarnpkg.com/joycon/-/joycon-3.0.1.tgz#9074c9b08ccf37a6726ff74a18485f85efcaddaf"
  integrity sha512-SJcJNBg32dGgxhPtM0wQqxqV0ax9k/9TaUskGDSJkSFSQOEWWvQ3zzWdGQRIUry2j1zA5+ReH13t0Mf3StuVZA==

js-yaml@^4.1.0:
  version "4.1.0"
  resolved "https://registry.yarnpkg.com/js-yaml/-/js-yaml-4.1.0.tgz#c1fb65f8f5017901cdd2c951864ba18458a10602"
  integrity sha512-wpxZs9NoxZaJESJGIZTyDEaYpl0FKSA+FB9aJiyemKhMwkxQg63h4T1KJgUGHpTqPDNRcmmYLugrRjJlBtWvRA==
  dependencies:
    argparse "^2.0.1"

leven@2.1.0:
  version "2.1.0"
  resolved "https://registry.yarnpkg.com/leven/-/leven-2.1.0.tgz#c2e7a9f772094dee9d34202ae8acce4687875580"
  integrity sha1-wuep93IJTe6dNCAq6KzORoeHVYA=

lowdb@^3.0.0:
  version "3.0.0"
  resolved "https://registry.yarnpkg.com/lowdb/-/lowdb-3.0.0.tgz#c10ab4e7eb86f1cbe255e35e60ffb0c6f42049e0"
  integrity sha512-9KZRulmIcU8fZuWiaM0d5e2/nPnrFyXkeXVpqT+MJS+vgbgOf1EbtvgQmba8HwUFgDl1oeZR6XqEJnkJmQdKmg==
  dependencies:
    steno "^2.1.0"

mri@1.1.4:
  version "1.1.4"
  resolved "https://registry.yarnpkg.com/mri/-/mri-1.1.4.tgz#7cb1dd1b9b40905f1fac053abe25b6720f44744a"
  integrity sha512-6y7IjGPm8AzlvoUrwAaw1tLnUBudaS3752vcd8JtrpGGQn+rXIe63LFVHm/YMwtqAuh+LJPCFdlLYPWM1nYn6w==

ms@2.1.2:
  version "2.1.2"
  resolved "https://registry.yarnpkg.com/ms/-/ms-2.1.2.tgz#d09d1f357b443f493382a8eb3ccd183872ae6009"
  integrity sha512-sGkPx+VjMtmA6MX27oA4FBFELFCZZ4S4XqeGOXCv68tT+jb3vk/RyaKWP0PTKyWtmLSM0b+adUTEvbs1PEaH2w==

mustache@^4.2.0:
  version "4.2.0"
  resolved "https://registry.yarnpkg.com/mustache/-/mustache-4.2.0.tgz#e5892324d60a12ec9c2a73359edca52972bf6f64"
  integrity sha512-71ippSywq5Yb7/tVYyGbkBggbU8H3u5Rz56fH60jGFgr8uHwxs+aSKeqmluIVzM0m0kB7xQjKS6qPfd0b2ZoqQ==

node-fetch@^2.6.5:
  version "2.6.6"
  resolved "https://registry.yarnpkg.com/node-fetch/-/node-fetch-2.6.6.tgz#1751a7c01834e8e1697758732e9efb6eeadfaf89"
  integrity sha512-Z8/6vRlTUChSdIgMa51jxQ4lrw/Jy5SOW10ObaA47/RElsAN2c5Pn8bTgFGWn/ibwzXTE8qwr1Yzx28vsecXEA==
  dependencies:
    whatwg-url "^5.0.0"

on-exit-leak-free@^0.2.0:
  version "0.2.0"
  resolved "https://registry.yarnpkg.com/on-exit-leak-free/-/on-exit-leak-free-0.2.0.tgz#b39c9e3bf7690d890f4861558b0d7b90a442d209"
  integrity sha512-dqaz3u44QbRXQooZLTUKU41ZrzYrcvLISVgbrzbyCMxpmSLJvZ3ZamIJIZ29P6OhZIkNIQKosdeM6t1LYbA9hg==

once@^1.3.1, once@^1.4.0:
  version "1.4.0"
  resolved "https://registry.yarnpkg.com/once/-/once-1.4.0.tgz#583b1aa775961d4b113ac17d9c50baef9dd76bd1"
  integrity sha1-WDsap3WWHUsROsF9nFC6753Xa9E=
  dependencies:
    wrappy "1"

pino-abstract-transport@^0.5.0, pino-abstract-transport@v0.5.0:
  version "0.5.0"
  resolved "https://registry.yarnpkg.com/pino-abstract-transport/-/pino-abstract-transport-0.5.0.tgz#4b54348d8f73713bfd14e3dc44228739aa13d9c0"
  integrity sha512-+KAgmVeqXYbTtU2FScx1XS3kNyfZ5TrXY07V96QnUSFqo2gAqlvmaxH67Lj7SWazqsMabf+58ctdTcBgnOLUOQ==
  dependencies:
    duplexify "^4.1.2"
    split2 "^4.0.0"

pino-pretty@^7.2.0:
  version "7.2.0"
  resolved "https://registry.yarnpkg.com/pino-pretty/-/pino-pretty-7.2.0.tgz#6cd1500fa47a6e9011e87bb65e129cd4555265f1"
  integrity sha512-pkZhaF1JiyQt4BRqkLANYWuZTxavmuXh3OHsb8goeQasTFgNdzOECXkZWyPYrA0YMRa8zKoVsCzeYz9lI2NYwA==
  dependencies:
    args "^5.0.1"
    colorette "^2.0.7"
    dateformat "^4.6.3"
    fast-safe-stringify "^2.0.7"
    joycon "^3.0.0"
    pino-abstract-transport "^0.5.0"
    pump "^3.0.0"
    readable-stream "^3.6.0"
    rfdc "^1.3.0"
    secure-json-parse "^2.4.0"
    sonic-boom "^2.2.0"
    strip-json-comments "^3.1.1"

pino-std-serializers@^4.0.0:
  version "4.0.0"
  resolved "https://registry.yarnpkg.com/pino-std-serializers/-/pino-std-serializers-4.0.0.tgz#1791ccd2539c091ae49ce9993205e2cd5dbba1e2"
  integrity sha512-cK0pekc1Kjy5w9V2/n+8MkZwusa6EyyxfeQCB799CQRhRt/CqYKiWs5adeu8Shve2ZNffvfC/7J64A2PJo1W/Q==

pino@^7.4.1:
  version "7.4.1"
  resolved "https://registry.yarnpkg.com/pino/-/pino-7.4.1.tgz#ccac88e77563bab9b1ced05521b5eb94f17ec7e1"
  integrity sha512-dVqLxCSsINhHJQP9wXplhYtSFwNLrFtOeVK/gWeprF+KVlibR0zePBPRPZjWzWeCY2CmtFzQE09rcZiM3GO2og==
  dependencies:
    fast-redact "^3.0.0"
    fastify-warning "^0.2.0"
    get-caller-file "^2.0.5"
    on-exit-leak-free "^0.2.0"
    pino-abstract-transport v0.5.0
    pino-std-serializers "^4.0.0"
    quick-format-unescaped "^4.0.3"
    real-require "^0.1.0"
    safe-stable-stringify "^2.1.0"
    sonic-boom "^2.2.1"
    thread-stream "^0.13.0"

pump@^3.0.0:
  version "3.0.0"
  resolved "https://registry.yarnpkg.com/pump/-/pump-3.0.0.tgz#b4a2116815bde2f4e1ea602354e8c75565107a64"
  integrity sha512-LwZy+p3SFs1Pytd/jYct4wpv49HiYCqd9Rlc5ZVdk0V+8Yzv6jR5Blk3TRmPL1ft69TxP0IMZGJ+WPFU2BFhww==
  dependencies:
    end-of-stream "^1.1.0"
    once "^1.3.1"

quick-format-unescaped@^4.0.3:
  version "4.0.4"
  resolved "https://registry.yarnpkg.com/quick-format-unescaped/-/quick-format-unescaped-4.0.4.tgz#93ef6dd8d3453cbc7970dd614fad4c5954d6b5a7"
  integrity sha512-tYC1Q1hgyRuHgloV/YXs2w15unPVh8qfu/qCTfhTYamaw7fyhumKa2yGpdSo87vY32rIclj+4fWYQXUMs9EHvg==

readable-stream@^3.1.1, readable-stream@^3.6.0:
  version "3.6.0"
  resolved "https://registry.yarnpkg.com/readable-stream/-/readable-stream-3.6.0.tgz#337bbda3adc0706bd3e024426a286d4b4b2c9198"
  integrity sha512-BViHy7LKeTz4oNnkcLJ+lVSL6vpiFeX6/d3oSH8zCW7UxP2onchk+vTGB143xuFjHS3deTgkKoXXymXqymiIdA==
  dependencies:
    inherits "^2.0.3"
    string_decoder "^1.1.1"
    util-deprecate "^1.0.1"

real-require@^0.1.0:
  version "0.1.0"
  resolved "https://registry.yarnpkg.com/real-require/-/real-require-0.1.0.tgz#736ac214caa20632847b7ca8c1056a0767df9381"
  integrity sha512-r/H9MzAWtrv8aSVjPCMFpDMl5q66GqtmmRkRjpHTsp4zBAa+snZyiQNlMONiUmEJcsnaw0wCauJ2GWODr/aFkg==

rfdc@^1.3.0:
  version "1.3.0"
  resolved "https://registry.yarnpkg.com/rfdc/-/rfdc-1.3.0.tgz#d0b7c441ab2720d05dc4cf26e01c89631d9da08b"
  integrity sha512-V2hovdzFbOi77/WajaSMXk2OLm+xNIeQdMMuB7icj7bk6zi2F8GGAxigcnDFpJHbNyNcgyJDiP+8nOrY5cZGrA==

safe-buffer@~5.2.0:
  version "5.2.1"
  resolved "https://registry.yarnpkg.com/safe-buffer/-/safe-buffer-5.2.1.tgz#1eaf9fa9bdb1fdd4ec75f58f9cdb4e6b7827eec6"
  integrity sha512-rp3So07KcdmmKbGvgaNxQSJr7bGVSVk5S9Eq1F+ppbRo70+YeaDxkw5Dd8NPN+GD6bjnYm2VuPuCXmpuYvmCXQ==

safe-stable-stringify@^2.1.0:
  version "2.2.0"
  resolved "https://registry.yarnpkg.com/safe-stable-stringify/-/safe-stable-stringify-2.2.0.tgz#26a52f13a6988de16a0d88e20248f38e8a7d840c"
  integrity sha512-C6AuMdYPuPV/P1leplHNu0lgc2LAElq/g3TdoksDCIVtBhr78o/CH03bt/9SKqugFbKU9CUjsNlCu0fjtQzQUw==

secure-json-parse@^2.4.0:
  version "2.4.0"
  resolved "https://registry.yarnpkg.com/secure-json-parse/-/secure-json-parse-2.4.0.tgz#5aaeaaef85c7a417f76271a4f5b0cc3315ddca85"
  integrity sha512-Q5Z/97nbON5t/L/sH6mY2EacfjVGwrCcSi5D3btRO2GZ8pf1K1UN7Z9H5J57hjVU2Qzxr1xO+FmBhOvEkzCMmg==

sonic-boom@^2.2.0, sonic-boom@^2.2.1:
  version "2.3.1"
  resolved "https://registry.yarnpkg.com/sonic-boom/-/sonic-boom-2.3.1.tgz#e6572184fb3adf145dbfeccff48141bbd1009e4c"
  integrity sha512-o0vJPsRiCW5Q0EmRKjNiiYGy2DqSXcxk4mY9vIBSPwmkH/e/vJ2Tq8EECd5NTiO77x8vlVN+ykDjRQJTqf7eKg==
  dependencies:
    atomic-sleep "^1.0.0"

split2@^4.0.0:
  version "4.1.0"
  resolved "https://registry.yarnpkg.com/split2/-/split2-4.1.0.tgz#101907a24370f85bb782f08adaabe4e281ecf809"
  integrity sha512-VBiJxFkxiXRlUIeyMQi8s4hgvKCSjtknJv/LVYbrgALPwf5zSKmEwV9Lst25AkvMDnvxODugjdl6KZgwKM1WYQ==

steno@^2.1.0:
  version "2.1.0"
  resolved "https://registry.yarnpkg.com/steno/-/steno-2.1.0.tgz#05a9c378ce42ed04f642cda6fcb41787a10e4e33"
  integrity sha512-mauOsiaqTNGFkWqIfwcm3y/fq+qKKaIWf1vf3ocOuTdco9XoHCO2AGF1gFYXuZFSWuP38Q8LBHBGJv2KnJSXyA==

stream-shift@^1.0.0:
  version "1.0.1"
  resolved "https://registry.yarnpkg.com/stream-shift/-/stream-shift-1.0.1.tgz#d7088281559ab2778424279b0877da3c392d5a3d"
  integrity sha512-AiisoFqQ0vbGcZgQPY1cdP2I76glaVA/RauYR4G4thNFgkTqr90yXTo4LYX60Jl+sIlPNHHdGSwo01AvbKUSVQ==

string_decoder@^1.1.1:
  version "1.3.0"
  resolved "https://registry.yarnpkg.com/string_decoder/-/string_decoder-1.3.0.tgz#42f114594a46cf1a8e30b0a84f56c78c3edac21e"
  integrity sha512-hkRX8U1WjJFd8LsDJ2yQ/wWWxaopEsABU1XfkM8A+j0+85JAGppt16cr1Whg6KIbb4okU6Mql6BOj+uup/wKeA==
  dependencies:
    safe-buffer "~5.2.0"

strip-json-comments@^3.1.1:
  version "3.1.1"
  resolved "https://registry.yarnpkg.com/strip-json-comments/-/strip-json-comments-3.1.1.tgz#31f1281b3832630434831c310c01cccda8cbe006"
  integrity sha512-6fPc+R4ihwqP6N/aIv2f1gMH8lOVtWQHoqC4yK6oSDVVocumAsfCqjkXnqiYMhmMwS/mEHLp7Vehlt3ql6lEig==

supports-color@^5.3.0:
  version "5.5.0"
  resolved "https://registry.yarnpkg.com/supports-color/-/supports-color-5.5.0.tgz#e2e69a44ac8772f78a1ec0b35b689df6530efc8f"
  integrity sha512-QjVjwdXIt408MIiAqCX4oUKsgU2EqAGzs2Ppkm4aQYbjm+ZEWEcW4SfFNTr4uMNZma0ey4f5lgLrkB0aX0QMow==
  dependencies:
    has-flag "^3.0.0"

thread-stream@^0.13.0:
  version "0.13.0"
  resolved "https://registry.yarnpkg.com/thread-stream/-/thread-stream-0.13.0.tgz#c68054bdea250c5d8d400caa3233a150d5461cca"
  integrity sha512-kTMZeX4Dzlb1zZ00/01aerGaTw2i8NE4sWF0TvF1uXewRhCiUjCvatQkvxIvFqauWG2ADFS2Wpd3qBeYL9i3dg==
  dependencies:
    real-require "^0.1.0"

tr46@~0.0.3:
  version "0.0.3"
  resolved "https://registry.yarnpkg.com/tr46/-/tr46-0.0.3.tgz#8184fd347dac9cdc185992f3a6622e14b9d9ab6a"
  integrity sha1-gYT9NH2snNwYWZLzpmIuFLnZq2o=

typescript@^4.5.2:
  version "4.5.2"
  resolved "https://registry.yarnpkg.com/typescript/-/typescript-4.5.2.tgz#8ac1fba9f52256fdb06fb89e4122fa6a346c2998"
  integrity sha512-5BlMof9H1yGt0P8/WF+wPNw6GfctgGjXp5hkblpyT+8rkASSmkUKMXrxR0Xg8ThVCi/JnHQiKXeBaEwCeQwMFw==

util-deprecate@^1.0.1:
  version "1.0.2"
  resolved "https://registry.yarnpkg.com/util-deprecate/-/util-deprecate-1.0.2.tgz#450d4dc9fa70de732762fbd2d4a28981419a0ccf"
  integrity sha1-RQ1Nyfpw3nMnYvvS1KKJgUGaDM8=

webidl-conversions@^3.0.0:
  version "3.0.1"
  resolved "https://registry.yarnpkg.com/webidl-conversions/-/webidl-conversions-3.0.1.tgz#24534275e2a7bc6be7bc86611cc16ae0a5654871"
  integrity sha1-JFNCdeKnvGvnvIZhHMFq4KVlSHE=

whatwg-url@^5.0.0:
  version "5.0.0"
  resolved "https://registry.yarnpkg.com/whatwg-url/-/whatwg-url-5.0.0.tgz#966454e8765462e37644d3626f6742ce8b70965d"
  integrity sha1-lmRU6HZUYuN2RNNib2dCzotwll0=
  dependencies:
    tr46 "~0.0.3"
    webidl-conversions "^3.0.0"

wrappy@1:
  version "1.0.2"
  resolved "https://registry.yarnpkg.com/wrappy/-/wrappy-1.0.2.tgz#b5243d8f3ec1aa35f1364605bc0d1036e30ab69f"
  integrity sha1-tSQ9jz7BqjXxNkYFvA0QNuMKtp8=
